
Microsoft Visual Studio Solution File, Format Version 12.00
# Visual Studio Version 16
VisualStudioVersion = 16.0.29025.244
MinimumVisualStudioVersion = 10.0.40219.1
Project("{FAE04EC0-301F-11D3-BF4B-00C04F79EFBC}") = "Spock_BSDemo", "Spock_BSDemo\Spock_BSDemo.csproj", "{5DA0D153-4CB9-47D4-A0F9-461A9F7F7AB7}"
EndProject
Global
	GlobalSection(SolutionConfigurationPlatforms) = preSolution
		Debug|Any CPU = Debug|Any CPU
		Release|Any CPU = Release|Any CPU
	EndGlobalSection
	GlobalSection(ProjectConfigurationPlatforms) = postSolution
		{5DA0D153-4CB9-47D4-A0F9-461A9F7F7AB7}.Debug|Any CPU.ActiveCfg = Debug|Any CPU
		{5DA0D153-4CB9-47D4-A0F9-461A9F7F7AB7}.Debug|Any CPU.Build.0 = Debug|Any CPU
		{5DA0D153-4CB9-47D4-A0F9-461A9F7F7AB7}.Release|Any CPU.ActiveCfg = Release|Any CPU
		{5DA0D153-4CB9-47D4-A0F9-461A9F7F7AB7}.Release|Any CPU.Build.0 = Release|Any CPU
	EndGlobalSection
	GlobalSection(SolutionProperties) = preSolution
		HideSolutionNode = FALSE
	EndGlobalSection
	GlobalSection(ExtensibilityGlobals) = postSolution
		SolutionGuid = {1ADC672D-E74D-43D5-A953-23B1B1422032}
	EndGlobalSection
EndGlobal
